
Microsoft Visual Studio Solution File, Format Version 12.00
# Visual Studio 11
Project("{FAE04EC0-301F-11D3-BF4B-00C04F79EFBC}") = "MyFirstGitProject", "MyFirstGitProject\MyFirstGitProject.csproj", "{379DF7FE-1C3C-42AA-A95D-01E4FD25D3D2}"
EndProject
Project("{FAE04EC0-301F-11D3-BF4B-00C04F79EFBC}") = "MyFirstGitProject.Tests", "MyFirstGitProject.Tests\MyFirstGitProject.Tests.csproj", "{4038EC69-DED5-4A5B-B60B-47EA206A4189}"
EndProject
Global
	GlobalSection(SolutionConfigurationPlatforms) = preSolution
		Debug|Any CPU = Debug|Any CPU
		Release|Any CPU = Release|Any CPU
	EndGlobalSection
	GlobalSection(ProjectConfigurationPlatforms) = postSolution
		{379DF7FE-1C3C-42AA-A95D-01E4FD25D3D2}.Debug|Any CPU.ActiveCfg = Debug|Any CPU
		{379DF7FE-1C3C-42AA-A95D-01E4FD25D3D2}.Debug|Any CPU.Build.0 = Debug|Any CPU
		{379DF7FE-1C3C-42AA-A95D-01E4FD25D3D2}.Release|Any CPU.ActiveCfg = Release|Any CPU
		{379DF7FE-1C3C-42AA-A95D-01E4FD25D3D2}.Release|Any CPU.Build.0 = Release|Any CPU
		{4038EC69-DED5-4A5B-B60B-47EA206A4189}.Debug|Any CPU.ActiveCfg = Debug|Any CPU
		{4038EC69-DED5-4A5B-B60B-47EA206A4189}.Debug|Any CPU.Build.0 = Debug|Any CPU
		{4038EC69-DED5-4A5B-B60B-47EA206A4189}.Release|Any CPU.ActiveCfg = Release|Any CPU
		{4038EC69-DED5-4A5B-B60B-47EA206A4189}.Release|Any CPU.Build.0 = Release|Any CPU
	EndGlobalSection
	GlobalSection(SolutionProperties) = preSolution
		HideSolutionNode = FALSE
	EndGlobalSection
EndGlobal
